
Microsoft Visual Studio Solution File, Format Version 12.00
# Visual Studio 15
VisualStudioVersion = 15.0.26730.3
MinimumVisualStudioVersion = 10.0.40219.1
Project("{FAE04EC0-301F-11D3-BF4B-00C04F79EFBC}") = "AppNet", "AppNet\AppNet.csproj", "{BC780D5E-A07F-4E7B-86E3-62B91B24335A}"
EndProject
Project("{2150E333-8FDC-42A3-9474-1A3956D46DE8}") = "Solution Items", "Solution Items", "{DEE98D44-7140-4CF7-99EF-F7F0A8BAB81C}"
	ProjectSection(SolutionItems) = preProject
		ReadMe.txt = ReadMe.txt
	EndProjectSection
EndProject
Project("{FAE04EC0-301F-11D3-BF4B-00C04F79EFBC}") = "Starcounter.Weaver", "Starcounter.Weaver\Starcounter.Weaver.csproj", "{ABF5304A-4F89-436B-973B-A5CB083F5A5B}"
	ProjectSection(ProjectDependencies) = postProject
		{BC780D5E-A07F-4E7B-86E3-62B91B24335A} = {BC780D5E-A07F-4E7B-86E3-62B91B24335A}
	EndProjectSection
EndProject
Project("{FAE04EC0-301F-11D3-BF4B-00C04F79EFBC}") = "starweave", "starweave\starweave.csproj", "{98E72B20-9B40-442E-87C0-93A15B6BABEF}"
EndProject
Global
	GlobalSection(SolutionConfigurationPlatforms) = preSolution
		Debug|Any CPU = Debug|Any CPU
		Release|Any CPU = Release|Any CPU
	EndGlobalSection
	GlobalSection(ProjectConfigurationPlatforms) = postSolution
		{BC780D5E-A07F-4E7B-86E3-62B91B24335A}.Debug|Any CPU.ActiveCfg = Debug|Any CPU
		{BC780D5E-A07F-4E7B-86E3-62B91B24335A}.Debug|Any CPU.Build.0 = Debug|Any CPU
		{BC780D5E-A07F-4E7B-86E3-62B91B24335A}.Release|Any CPU.ActiveCfg = Release|Any CPU
		{BC780D5E-A07F-4E7B-86E3-62B91B24335A}.Release|Any CPU.Build.0 = Release|Any CPU
		{ABF5304A-4F89-436B-973B-A5CB083F5A5B}.Debug|Any CPU.ActiveCfg = Debug|Any CPU
		{ABF5304A-4F89-436B-973B-A5CB083F5A5B}.Debug|Any CPU.Build.0 = Debug|Any CPU
		{ABF5304A-4F89-436B-973B-A5CB083F5A5B}.Release|Any CPU.ActiveCfg = Release|Any CPU
		{ABF5304A-4F89-436B-973B-A5CB083F5A5B}.Release|Any CPU.Build.0 = Release|Any CPU
		{98E72B20-9B40-442E-87C0-93A15B6BABEF}.Debug|Any CPU.ActiveCfg = Debug|Any CPU
		{98E72B20-9B40-442E-87C0-93A15B6BABEF}.Debug|Any CPU.Build.0 = Debug|Any CPU
		{98E72B20-9B40-442E-87C0-93A15B6BABEF}.Release|Any CPU.ActiveCfg = Release|Any CPU
		{98E72B20-9B40-442E-87C0-93A15B6BABEF}.Release|Any CPU.Build.0 = Release|Any CPU
	EndGlobalSection
	GlobalSection(SolutionProperties) = preSolution
		HideSolutionNode = FALSE
	EndGlobalSection
	GlobalSection(ExtensibilityGlobals) = postSolution
		SolutionGuid = {4F4749F5-CEF3-4494-88C3-49FD5A0FF0BC}
	EndGlobalSection
EndGlobal
