
Microsoft Visual Studio Solution File, Format Version 12.00
# Visual Studio 15
VisualStudioVersion = 15.0.26730.3
MinimumVisualStudioVersion = 10.0.40219.1
Project("{2150E333-8FDC-42A3-9474-1A3956D46DE8}") = "Solution Items", "Solution Items", "{DEE98D44-7140-4CF7-99EF-F7F0A8BAB81C}"
	ProjectSection(SolutionItems) = preProject
		ReadMe.txt = ReadMe.txt
	EndProjectSection
EndProject
Project("{2150E333-8FDC-42A3-9474-1A3956D46DE8}") = "TestProjects", "TestProjects", "{D94C1BB8-3124-462D-B6FE-C04F1486B010}"
EndProject
Project("{FAE04EC0-301F-11D3-BF4B-00C04F79EFBC}") = "ConsoleAppNetFramework", "TestProjects\ConsoleAppNetFramework\ConsoleAppNetFramework.csproj", "{A44B2224-C17C-4106-9AD3-A83CF66403CB}"
EndProject
Project("{9A19103F-16F7-4668-BE54-9A1E7A4F7556}") = "ConsoleAppNetCore", "TestProjects\ConsoleAppNetCore\ConsoleAppNetCore.csproj", "{BAF377ED-E772-4EA1-B0BD-3FCCFC297E89}"
EndProject
Project("{FAE04EC0-301F-11D3-BF4B-00C04F79EFBC}") = "ClassLibraryNetFramework", "TestProjects\ClassLibraryNetFramework\ClassLibraryNetFramework.csproj", "{0E121AAA-281B-4D79-9712-9ED1393AE4BF}"
EndProject
Project("{9A19103F-16F7-4668-BE54-9A1E7A4F7556}") = "ClassLibraryNetStandard", "TestProjects\ClassLibraryNetStandard\ClassLibraryNetStandard.csproj", "{774B2B4B-9AD5-4546-AE55-9BCA79F2E7D9}"
EndProject
Project("{9A19103F-16F7-4668-BE54-9A1E7A4F7556}") = "Starcounter.Weaver", "Starcounter.Weaver\Starcounter.Weaver.csproj", "{38C3CFF2-5FEC-4284-8276-396FE3101B0D}"
EndProject
Project("{9A19103F-16F7-4668-BE54-9A1E7A4F7556}") = "starweave", "starweave\starweave.csproj", "{A6012A76-87BB-4077-99AA-8958DD172F6E}"
EndProject
Project("{FAE04EC0-301F-11D3-BF4B-00C04F79EFBC}") = "starweavenet", "starweavenet\starweavenet.csproj", "{75846645-8AEE-45A5-9DB0-5DD391EB83DF}"
EndProject
Project("{9A19103F-16F7-4668-BE54-9A1E7A4F7556}") = "Starcounter2", "Starcounter2\Starcounter2.csproj", "{E9047C42-03CF-4B46-9A4D-62960C7259ED}"
EndProject
Project("{2150E333-8FDC-42A3-9474-1A3956D46DE8}") = "Prototypes", "Prototypes", "{D7941FBA-ED13-45B3-9754-55FAB709E8D7}"
EndProject
Project("{FAE04EC0-301F-11D3-BF4B-00C04F79EFBC}") = "WeaverOutputToMsBuildErrorsAndWarnings", "Prototypes\WeaverOutputToMsBuildErrorsAndWarnings\WeaverOutputToMsBuildErrorsAndWarnings.csproj", "{BA5079F1-76B4-428F-A3B9-E2ED4B31AC1F}"
EndProject
Project("{9A19103F-16F7-4668-BE54-9A1E7A4F7556}") = "WeaverOutputToMsBuildErrorsAndWarningsCore", "Prototypes\WeaverOutputToMsBuildErrorsAndWarningsCore\WeaverOutputToMsBuildErrorsAndWarningsCore.csproj", "{FD93F475-647B-4F28-B447-0BAB8042842F}"
EndProject
Project("{9A19103F-16F7-4668-BE54-9A1E7A4F7556}") = "Starcounter.Weaver.Tests", "..\test\Starcounter.Weaver.Tests\Starcounter.Weaver.Tests.csproj", "{96257A4E-C1F7-4D4C-A974-F5F8FFB79623}"
EndProject
Project("{9A19103F-16F7-4668-BE54-9A1E7A4F7556}") = "ConsoleAppNetCoreIndirectReference", "TestProjects\ConsoleAppNetCoreIndirectReference\ConsoleAppNetCoreIndirectReference.csproj", "{3488E04E-4BF9-4781-B285-0B6F1E85DEA9}"
EndProject
Project("{FAE04EC0-301F-11D3-BF4B-00C04F79EFBC}") = "ConsoleAppNetFrameworkIndirectReference", "TestProjects\ConsoleAppNetFrameworkIndirectReference\ConsoleAppNetFrameworkIndirectReference.csproj", "{3A5E9918-20CB-4618-8113-AED4915E5FF6}"
EndProject
Global
	GlobalSection(SolutionConfigurationPlatforms) = preSolution
		Debug|Any CPU = Debug|Any CPU
		Release|Any CPU = Release|Any CPU
	EndGlobalSection
	GlobalSection(ProjectConfigurationPlatforms) = postSolution
		{A44B2224-C17C-4106-9AD3-A83CF66403CB}.Debug|Any CPU.ActiveCfg = Debug|Any CPU
		{A44B2224-C17C-4106-9AD3-A83CF66403CB}.Debug|Any CPU.Build.0 = Debug|Any CPU
		{A44B2224-C17C-4106-9AD3-A83CF66403CB}.Release|Any CPU.ActiveCfg = Release|Any CPU
		{A44B2224-C17C-4106-9AD3-A83CF66403CB}.Release|Any CPU.Build.0 = Release|Any CPU
		{BAF377ED-E772-4EA1-B0BD-3FCCFC297E89}.Debug|Any CPU.ActiveCfg = Debug|Any CPU
		{BAF377ED-E772-4EA1-B0BD-3FCCFC297E89}.Debug|Any CPU.Build.0 = Debug|Any CPU
		{BAF377ED-E772-4EA1-B0BD-3FCCFC297E89}.Release|Any CPU.ActiveCfg = Release|Any CPU
		{BAF377ED-E772-4EA1-B0BD-3FCCFC297E89}.Release|Any CPU.Build.0 = Release|Any CPU
		{0E121AAA-281B-4D79-9712-9ED1393AE4BF}.Debug|Any CPU.ActiveCfg = Debug|Any CPU
		{0E121AAA-281B-4D79-9712-9ED1393AE4BF}.Debug|Any CPU.Build.0 = Debug|Any CPU
		{0E121AAA-281B-4D79-9712-9ED1393AE4BF}.Release|Any CPU.ActiveCfg = Release|Any CPU
		{0E121AAA-281B-4D79-9712-9ED1393AE4BF}.Release|Any CPU.Build.0 = Release|Any CPU
		{774B2B4B-9AD5-4546-AE55-9BCA79F2E7D9}.Debug|Any CPU.ActiveCfg = Debug|Any CPU
		{774B2B4B-9AD5-4546-AE55-9BCA79F2E7D9}.Debug|Any CPU.Build.0 = Debug|Any CPU
		{774B2B4B-9AD5-4546-AE55-9BCA79F2E7D9}.Release|Any CPU.ActiveCfg = Release|Any CPU
		{774B2B4B-9AD5-4546-AE55-9BCA79F2E7D9}.Release|Any CPU.Build.0 = Release|Any CPU
		{38C3CFF2-5FEC-4284-8276-396FE3101B0D}.Debug|Any CPU.ActiveCfg = Debug|Any CPU
		{38C3CFF2-5FEC-4284-8276-396FE3101B0D}.Debug|Any CPU.Build.0 = Debug|Any CPU
		{38C3CFF2-5FEC-4284-8276-396FE3101B0D}.Release|Any CPU.ActiveCfg = Release|Any CPU
		{38C3CFF2-5FEC-4284-8276-396FE3101B0D}.Release|Any CPU.Build.0 = Release|Any CPU
		{A6012A76-87BB-4077-99AA-8958DD172F6E}.Debug|Any CPU.ActiveCfg = Debug|Any CPU
		{A6012A76-87BB-4077-99AA-8958DD172F6E}.Debug|Any CPU.Build.0 = Debug|Any CPU
		{A6012A76-87BB-4077-99AA-8958DD172F6E}.Release|Any CPU.ActiveCfg = Release|Any CPU
		{A6012A76-87BB-4077-99AA-8958DD172F6E}.Release|Any CPU.Build.0 = Release|Any CPU
		{75846645-8AEE-45A5-9DB0-5DD391EB83DF}.Debug|Any CPU.ActiveCfg = Debug|Any CPU
		{75846645-8AEE-45A5-9DB0-5DD391EB83DF}.Debug|Any CPU.Build.0 = Debug|Any CPU
		{75846645-8AEE-45A5-9DB0-5DD391EB83DF}.Release|Any CPU.ActiveCfg = Release|Any CPU
		{75846645-8AEE-45A5-9DB0-5DD391EB83DF}.Release|Any CPU.Build.0 = Release|Any CPU
		{E9047C42-03CF-4B46-9A4D-62960C7259ED}.Debug|Any CPU.ActiveCfg = Debug|Any CPU
		{E9047C42-03CF-4B46-9A4D-62960C7259ED}.Debug|Any CPU.Build.0 = Debug|Any CPU
		{E9047C42-03CF-4B46-9A4D-62960C7259ED}.Release|Any CPU.ActiveCfg = Release|Any CPU
		{E9047C42-03CF-4B46-9A4D-62960C7259ED}.Release|Any CPU.Build.0 = Release|Any CPU
		{BA5079F1-76B4-428F-A3B9-E2ED4B31AC1F}.Debug|Any CPU.ActiveCfg = Debug|Any CPU
		{BA5079F1-76B4-428F-A3B9-E2ED4B31AC1F}.Debug|Any CPU.Build.0 = Debug|Any CPU
		{BA5079F1-76B4-428F-A3B9-E2ED4B31AC1F}.Release|Any CPU.ActiveCfg = Release|Any CPU
		{BA5079F1-76B4-428F-A3B9-E2ED4B31AC1F}.Release|Any CPU.Build.0 = Release|Any CPU
		{FD93F475-647B-4F28-B447-0BAB8042842F}.Debug|Any CPU.ActiveCfg = Debug|Any CPU
		{FD93F475-647B-4F28-B447-0BAB8042842F}.Debug|Any CPU.Build.0 = Debug|Any CPU
		{FD93F475-647B-4F28-B447-0BAB8042842F}.Release|Any CPU.ActiveCfg = Release|Any CPU
		{FD93F475-647B-4F28-B447-0BAB8042842F}.Release|Any CPU.Build.0 = Release|Any CPU
		{96257A4E-C1F7-4D4C-A974-F5F8FFB79623}.Debug|Any CPU.ActiveCfg = Debug|Any CPU
		{96257A4E-C1F7-4D4C-A974-F5F8FFB79623}.Debug|Any CPU.Build.0 = Debug|Any CPU
		{96257A4E-C1F7-4D4C-A974-F5F8FFB79623}.Release|Any CPU.ActiveCfg = Release|Any CPU
		{96257A4E-C1F7-4D4C-A974-F5F8FFB79623}.Release|Any CPU.Build.0 = Release|Any CPU
		{3488E04E-4BF9-4781-B285-0B6F1E85DEA9}.Debug|Any CPU.ActiveCfg = Debug|Any CPU
		{3488E04E-4BF9-4781-B285-0B6F1E85DEA9}.Debug|Any CPU.Build.0 = Debug|Any CPU
		{3488E04E-4BF9-4781-B285-0B6F1E85DEA9}.Release|Any CPU.ActiveCfg = Release|Any CPU
		{3488E04E-4BF9-4781-B285-0B6F1E85DEA9}.Release|Any CPU.Build.0 = Release|Any CPU
		{3A5E9918-20CB-4618-8113-AED4915E5FF6}.Debug|Any CPU.ActiveCfg = Debug|Any CPU
		{3A5E9918-20CB-4618-8113-AED4915E5FF6}.Debug|Any CPU.Build.0 = Debug|Any CPU
		{3A5E9918-20CB-4618-8113-AED4915E5FF6}.Release|Any CPU.ActiveCfg = Release|Any CPU
		{3A5E9918-20CB-4618-8113-AED4915E5FF6}.Release|Any CPU.Build.0 = Release|Any CPU
	EndGlobalSection
	GlobalSection(SolutionProperties) = preSolution
		HideSolutionNode = FALSE
	EndGlobalSection
	GlobalSection(NestedProjects) = preSolution
		{A44B2224-C17C-4106-9AD3-A83CF66403CB} = {D94C1BB8-3124-462D-B6FE-C04F1486B010}
		{BAF377ED-E772-4EA1-B0BD-3FCCFC297E89} = {D94C1BB8-3124-462D-B6FE-C04F1486B010}
		{0E121AAA-281B-4D79-9712-9ED1393AE4BF} = {D94C1BB8-3124-462D-B6FE-C04F1486B010}
		{774B2B4B-9AD5-4546-AE55-9BCA79F2E7D9} = {D94C1BB8-3124-462D-B6FE-C04F1486B010}
		{BA5079F1-76B4-428F-A3B9-E2ED4B31AC1F} = {D7941FBA-ED13-45B3-9754-55FAB709E8D7}
		{FD93F475-647B-4F28-B447-0BAB8042842F} = {D7941FBA-ED13-45B3-9754-55FAB709E8D7}
		{3488E04E-4BF9-4781-B285-0B6F1E85DEA9} = {D94C1BB8-3124-462D-B6FE-C04F1486B010}
		{3A5E9918-20CB-4618-8113-AED4915E5FF6} = {D94C1BB8-3124-462D-B6FE-C04F1486B010}
	EndGlobalSection
	GlobalSection(ExtensibilityGlobals) = postSolution
		SolutionGuid = {4F4749F5-CEF3-4494-88C3-49FD5A0FF0BC}
	EndGlobalSection
EndGlobal
